
Microsoft Visual Studio Solution File, Format Version 12.00
Project("{FAE04EC0-301F-11D3-BF4B-00C04F79EFBC}") = "TRFactions", "TRFactions\TRFactions.csproj", "{6190A805-114B-4516-BDBE-E770D347611A}"
EndProject
Global
	GlobalSection(SolutionConfigurationPlatforms) = preSolution
		Debug|Any CPU = Debug|Any CPU
		Release|Any CPU = Release|Any CPU
	EndGlobalSection
	GlobalSection(ProjectConfigurationPlatforms) = postSolution
		{6190A805-114B-4516-BDBE-E770D347611A}.Debug|Any CPU.ActiveCfg = Debug|Any CPU
		{6190A805-114B-4516-BDBE-E770D347611A}.Debug|Any CPU.Build.0 = Debug|Any CPU
		{6190A805-114B-4516-BDBE-E770D347611A}.Release|Any CPU.ActiveCfg = Release|Any CPU
		{6190A805-114B-4516-BDBE-E770D347611A}.Release|Any CPU.Build.0 = Release|Any CPU
	EndGlobalSection
EndGlobal
